
Microsoft Visual Studio Solution File, Format Version 12.00
# Visual Studio 15
VisualStudioVersion = 15.0.27703.2026
MinimumVisualStudioVersion = 10.0.40219.1
Project("{9A19103F-16F7-4668-BE54-9A1E7A4F7556}") = "Mpv.NET", "Mpv.NET\Mpv.NET.csproj", "{02D1E0D1-D9C6-4E2A-A598-7ECA726B7166}"
EndProject
Project("{FAE04EC0-301F-11D3-BF4B-00C04F79EFBC}") = "Mpv.NET.WPFExample", "Mpv.NET.WPFExample\Mpv.NET.WPFExample.csproj", "{8FE66FA3-7AC7-474E-B0F9-A052EACDD62C}"
EndProject
Project("{FAE04EC0-301F-11D3-BF4B-00C04F79EFBC}") = "Mpv.NET.WinFormsExample", "Mpv.NET.WinFormsExample\Mpv.NET.WinFormsExample.csproj", "{359B1FAB-E90E-40E3-A285-BCE50F671E14}"
EndProject
Global
	GlobalSection(SolutionConfigurationPlatforms) = preSolution
		Debug|Any CPU = Debug|Any CPU
		Release|Any CPU = Release|Any CPU
	EndGlobalSection
	GlobalSection(ProjectConfigurationPlatforms) = postSolution
		{02D1E0D1-D9C6-4E2A-A598-7ECA726B7166}.Debug|Any CPU.ActiveCfg = Debug|Any CPU
		{02D1E0D1-D9C6-4E2A-A598-7ECA726B7166}.Debug|Any CPU.Build.0 = Debug|Any CPU
		{02D1E0D1-D9C6-4E2A-A598-7ECA726B7166}.Release|Any CPU.ActiveCfg = Release|Any CPU
		{02D1E0D1-D9C6-4E2A-A598-7ECA726B7166}.Release|Any CPU.Build.0 = Release|Any CPU
		{8FE66FA3-7AC7-474E-B0F9-A052EACDD62C}.Debug|Any CPU.ActiveCfg = Debug|Any CPU
		{8FE66FA3-7AC7-474E-B0F9-A052EACDD62C}.Debug|Any CPU.Build.0 = Debug|Any CPU
		{8FE66FA3-7AC7-474E-B0F9-A052EACDD62C}.Release|Any CPU.ActiveCfg = Release|Any CPU
		{8FE66FA3-7AC7-474E-B0F9-A052EACDD62C}.Release|Any CPU.Build.0 = Release|Any CPU
		{359B1FAB-E90E-40E3-A285-BCE50F671E14}.Debug|Any CPU.ActiveCfg = Debug|Any CPU
		{359B1FAB-E90E-40E3-A285-BCE50F671E14}.Debug|Any CPU.Build.0 = Debug|Any CPU
		{359B1FAB-E90E-40E3-A285-BCE50F671E14}.Release|Any CPU.ActiveCfg = Release|Any CPU
		{359B1FAB-E90E-40E3-A285-BCE50F671E14}.Release|Any CPU.Build.0 = Release|Any CPU
	EndGlobalSection
	GlobalSection(SolutionProperties) = preSolution
		HideSolutionNode = FALSE
	EndGlobalSection
	GlobalSection(ExtensibilityGlobals) = postSolution
		SolutionGuid = {488BB195-3C57-4720-9EA1-9CDAAE260B2C}
	EndGlobalSection
EndGlobal
