
Microsoft Visual Studio Solution File, Format Version 12.00
# Visual Studio 15
VisualStudioVersion = 15.0.27130.2036
MinimumVisualStudioVersion = 10.0.40219.1
Project("{FAE04EC0-301F-11D3-BF4B-00C04F79EFBC}") = "Mpv.NET", "Mpv.NET\Mpv.NET.csproj", "{7F4FCD9C-DD51-41D3-B19F-57D1074516F4}"
EndProject
Project("{FAE04EC0-301F-11D3-BF4B-00C04F79EFBC}") = "Mpv.NET.Tester", "Mpv.NET.Tester\Mpv.NET.Tester.csproj", "{D6F4322B-217A-4E6D-A009-59A503E30B4B}"
EndProject
Global
	GlobalSection(SolutionConfigurationPlatforms) = preSolution
		Debug|Any CPU = Debug|Any CPU
		Release|Any CPU = Release|Any CPU
	EndGlobalSection
	GlobalSection(ProjectConfigurationPlatforms) = postSolution
		{7F4FCD9C-DD51-41D3-B19F-57D1074516F4}.Debug|Any CPU.ActiveCfg = Debug|Any CPU
		{7F4FCD9C-DD51-41D3-B19F-57D1074516F4}.Debug|Any CPU.Build.0 = Debug|Any CPU
		{7F4FCD9C-DD51-41D3-B19F-57D1074516F4}.Release|Any CPU.ActiveCfg = Release|Any CPU
		{7F4FCD9C-DD51-41D3-B19F-57D1074516F4}.Release|Any CPU.Build.0 = Release|Any CPU
		{D6F4322B-217A-4E6D-A009-59A503E30B4B}.Debug|Any CPU.ActiveCfg = Debug|Any CPU
		{D6F4322B-217A-4E6D-A009-59A503E30B4B}.Debug|Any CPU.Build.0 = Debug|Any CPU
		{D6F4322B-217A-4E6D-A009-59A503E30B4B}.Release|Any CPU.ActiveCfg = Release|Any CPU
		{D6F4322B-217A-4E6D-A009-59A503E30B4B}.Release|Any CPU.Build.0 = Release|Any CPU
	EndGlobalSection
	GlobalSection(SolutionProperties) = preSolution
		HideSolutionNode = FALSE
	EndGlobalSection
	GlobalSection(ExtensibilityGlobals) = postSolution
		SolutionGuid = {658DA9E2-538C-4BF6-B4CF-0BE6F5DC4345}
	EndGlobalSection
EndGlobal
